
Microsoft Visual Studio Solution File, Format Version 12.00
# Visual Studio Version 17
VisualStudioVersion = 17.9.34902.65
MinimumVisualStudioVersion = 10.0.40219.1
Project("{FAE04EC0-301F-11D3-BF4B-00C04F79EFBC}") = "Dotnet", "Dotnet.csproj", "{864D083F-BED3-4371-A6B2-2C89EC4AE47E}"
EndProject
Global
	GlobalSection(SolutionConfigurationPlatforms) = preSolution
		Debug|Any CPU = Debug|Any CPU
		Release|Any CPU = Release|Any CPU
	EndGlobalSection
	GlobalSection(ProjectConfigurationPlatforms) = postSolution
		{864D083F-BED3-4371-A6B2-2C89EC4AE47E}.Debug|Any CPU.ActiveCfg = Debug|Any CPU
		{864D083F-BED3-4371-A6B2-2C89EC4AE47E}.Debug|Any CPU.Build.0 = Debug|Any CPU
		{864D083F-BED3-4371-A6B2-2C89EC4AE47E}.Release|Any CPU.ActiveCfg = Release|Any CPU
		{864D083F-BED3-4371-A6B2-2C89EC4AE47E}.Release|Any CPU.Build.0 = Release|Any CPU
	EndGlobalSection
	GlobalSection(SolutionProperties) = preSolution
		HideSolutionNode = FALSE
	EndGlobalSection
	GlobalSection(ExtensibilityGlobals) = postSolution
		SolutionGuid = {A54551DF-C0B2-445D-908F-35622C305779}
	EndGlobalSection
EndGlobal
